// !$*UTF8*$!
{
	archiveVersion = 1;
	classes = {
	};
	objectVersion = 50;
	objects = {

/* Begin PBXBuildFile section */
		746C5C40257A5A1E00C74B9F /* AppDelegate.swift in Sources */ = {isa = PBXBuildFile; fileRef = 746C5C3F257A5A1E00C74B9F /* AppDelegate.swift */; };
		746C5C44257A5A1E00C74B9F /* ViewController.swift in Sources */ = {isa = PBXBuildFile; fileRef = 746C5C43257A5A1E00C74B9F /* ViewController.swift */; };
		746C5C47257A5A1E00C74B9F /* Main.storyboard in Resources */ = {isa = PBXBuildFile; fileRef = 746C5C45257A5A1E00C74B9F /* Main.storyboard */; };
		746C5C49257A5A1E00C74B9F /* Assets.xcassets in Resources */ = {isa = PBXBuildFile; fileRef = 746C5C48257A5A1E00C74B9F /* Assets.xcassets */; };
		746C5C4C257A5A1E00C74B9F /* LaunchScreen.storyboard in Resources */ = {isa = PBXBuildFile; fileRef = 746C5C4A257A5A1E00C74B9F /* LaunchScreen.storyboard */; };
		746C5C57257A5A1F00C74B9F /* ScrollTestTests.swift in Sources */ = {isa = PBXBuildFile; fileRef = 746C5C56257A5A1F00C74B9F /* ScrollTestTests.swift */; };
		746C5C62257A5A1F00C74B9F /* ScrollTestUITests.swift in Sources */ = {isa = PBXBuildFile; fileRef = 746C5C61257A5A1F00C74B9F /* ScrollTestUITests.swift */; };
		746C5C73257D3D6C00C74B9F /* uiview.swift in Sources */ = {isa = PBXBuildFile; fileRef = 746C5C72257D3D6C00C74B9F /* uiview.swift */; };
/* End PBXBuildFile section */

/* Begin PBXContainerItemProxy section */
		746C5C53257A5A1F00C74B9F /* PBXContainerItemProxy */ = {
			isa = PBXContainerItemProxy;
			containerPortal = 746C5C34257A5A1E00C74B9F /* Project object */;
			proxyType = 1;
			remoteGlobalIDString = 746C5C3B257A5A1E00C74B9F;
			remoteInfo = ScrollTest;
		};
		746C5C5E257A5A1F00C74B9F /* PBXContainerItemProxy */ = {
			isa = PBXContainerItemProxy;
			containerPortal = 746C5C34257A5A1E00C74B9F /* Project object */;
			proxyType = 1;
			remoteGlobalIDString = 746C5C3B257A5A1E00C74B9F;
			remoteInfo = ScrollTest;
		};
/* End PBXContainerItemProxy section */

/* Begin PBXFileReference section */
		746C5C3C257A5A1E00C74B9F /* ScrollTest.app */ = {isa = PBXFileReference; explicitFileType = wrapper.application; includeInIndex = 0; path = ScrollTest.app; sourceTree = BUILT_PRODUCTS_DIR; };
		746C5C3F257A5A1E00C74B9F /* AppDelegate.swift */ = {isa = PBXFileReference; lastKnownFileType = sourcecode.swift; path = AppDelegate.swift; sourceTree = "<group>"; };
		746C5C43257A5A1E00C74B9F /* ViewController.swift */ = {isa = PBXFileReference; lastKnownFileType = sourcecode.swift; path = ViewController.swift; sourceTree = "<group>"; };
		746C5C46257A5A1E00C74B9F /* Base */ = {isa = PBXFileReference; lastKnownFileType = file.storyboard; name = Base; path = Base.lproj/Main.storyboard; sourceTree = "<group>"; };
		746C5C48257A5A1E00C74B9F /* Assets.xcassets */ = {isa = PBXFileReference; lastKnownFileType = folder.assetcatalog; path = Assets.xcassets; sourceTree = "<group>"; };
		746C5C4B257A5A1E00C74B9F /* Base */ = {isa = PBXFileReference; lastKnownFileType = file.storyboard; name = Base; path = Base.lproj/LaunchScreen.storyboard; sourceTree = "<group>"; };
		746C5C4D257A5A1E00C74B9F /* Info.plist */ = {isa = PBXFileReference; lastKnownFileType = text.plist.xml; path = Info.plist; sourceTree = "<group>"; };
		746C5C52257A5A1F00C74B9F /* ScrollTestTests.xctest */ = {isa = PBXFileReference; explicitFileType = wrapper.cfbundle; includeInIndex = 0; path = ScrollTestTests.xctest; sourceTree = BUILT_PRODUCTS_DIR; };
		746C5C56257A5A1F00C74B9F /* ScrollTestTests.swift */ = {isa = PBXFileReference; lastKnownFileType = sourcecode.swift; path = ScrollTestTests.swift; sourceTree = "<group>"; };
		746C5C58257A5A1F00C74B9F /* Info.plist */ = {isa = PBXFileReference; lastKnownFileType = text.plist.xml; path = Info.plist; sourceTree = "<group>"; };
		746C5C5D257A5A1F00C74B9F /* ScrollTestUITests.xctest */ = {isa = PBXFileReference; explicitFileType = wrapper.cfbundle; includeInIndex = 0; path = ScrollTestUITests.xctest; sourceTree = BUILT_PRODUCTS_DIR; };
		746C5C61257A5A1F00C74B9F /* ScrollTestUITests.swift */ = {isa = PBXFileReference; lastKnownFileType = sourcecode.swift; path = ScrollTestUITests.swift; sourceTree = "<group>"; };
		746C5C63257A5A1F00C74B9F /* Info.plist */ = {isa = PBXFileReference; lastKnownFileType = text.plist.xml; path = Info.plist; sourceTree = "<group>"; };
		746C5C72257D3D6C00C74B9F /* uiview.swift */ = {isa = PBXFileReference; lastKnownFileType = sourcecode.swift; path = uiview.swift; sourceTree = "<group>"; };
/* End PBXFileReference section */

/* Begin PBXFrameworksBuildPhase section */
		746C5C39257A5A1E00C74B9F /* Frameworks */ = {
			isa = PBXFrameworksBuildPhase;
			buildActionMask = 2147483647;
			files = (
			);
			runOnlyForDeploymentPostprocessing = 0;
		};
		746C5C4F257A5A1F00C74B9F /* Frameworks */ = {
			isa = PBXFrameworksBuildPhase;
			buildActionMask = 2147483647;
			files = (
			);
			runOnlyForDeploymentPostprocessing = 0;
		};
		746C5C5A257A5A1F00C74B9F /* Frameworks */ = {
			isa = PBXFrameworksBuildPhase;
			buildActionMask = 2147483647;
			files = (
			);
			runOnlyForDeploymentPostprocessing = 0;
		};
/* End PBXFrameworksBuildPhase section */

/* Begin PBXGroup section */
		746C5C33257A5A1E00C74B9F = {
			isa = PBXGroup;
			children = (
				746C5C3E257A5A1E00C74B9F /* ScrollTest */,
				746C5C55257A5A1F00C74B9F /* ScrollTestTests */,
				746C5C60257A5A1F00C74B9F /* ScrollTestUITests */,
				746C5C3D257A5A1E00C74B9F /* Products */,
			);
			sourceTree = "<group>";
		};
		746C5C3D257A5A1E00C74B9F /* Products */ = {
			isa = PBXGroup;
			children = (
				746C5C3C257A5A1E00C74B9F /* ScrollTest.app */,
				746C5C52257A5A1F00C74B9F /* ScrollTestTests.xctest */,
				746C5C5D257A5A1F00C74B9F /* ScrollTestUITests.xctest */,
			);
			name = Products;
			sourceTree = "<group>";
		};
		746C5C3E257A5A1E00C74B9F /* ScrollTest */ = {
			isa = PBXGroup;
			children = (
				746C5C3F257A5A1E00C74B9F /* AppDelegate.swift */,
				746C5C43257A5A1E00C74B9F /* ViewController.swift */,
				746C5C45257A5A1E00C74B9F /* Main.storyboard */,
				746C5C48257A5A1E00C74B9F /* Assets.xcassets */,
				746C5C4A257A5A1E00C74B9F /* LaunchScreen.storyboard */,
				746C5C4D257A5A1E00C74B9F /* Info.plist */,
				746C5C72257D3D6C00C74B9F /* uiview.swift */,
			);
			path = ScrollTest;
			sourceTree = "<group>";
		};
		746C5C55257A5A1F00C74B9F /* ScrollTestTests */ = {
			isa = PBXGroup;
			children = (
				746C5C56257A5A1F00C74B9F /* ScrollTestTests.swift */,
				746C5C58257A5A1F00C74B9F /* Info.plist */,
			);
			path = ScrollTestTests;
			sourceTree = "<group>";
		};
		746C5C60257A5A1F00C74B9F /* ScrollTestUITests */ = {
			isa = PBXGroup;
			children = (
				746C5C61257A5A1F00C74B9F /* ScrollTestUITests.swift */,
				746C5C63257A5A1F00C74B9F /* Info.plist */,
			);
			path = ScrollTestUITests;
			sourceTree = "<group>";
		};
/* End PBXGroup section */

/* Begin PBXNativeTarget section */
		746C5C3B257A5A1E00C74B9F /* ScrollTest */ = {
			isa = PBXNativeTarget;
			buildConfigurationList = 746C5C66257A5A1F00C74B9F /* Build configuration list for PBXNativeTarget "ScrollTest" */;
			buildPhases = (
				746C5C38257A5A1E00C74B9F /* Sources */,
				746C5C39257A5A1E00C74B9F /* Frameworks */,
				746C5C3A257A5A1E00C74B9F /* Resources */,
			);
			buildRules = (
			);
			dependencies = (
			);
			name = ScrollTest;
			productName = ScrollTest;
			productReference = 746C5C3C257A5A1E00C74B9F /* ScrollTest.app */;
			productType = "com.apple.product-type.application";
		};
		746C5C51257A5A1F00C74B9F /* ScrollTestTests */ = {
			isa = PBXNativeTarget;
			buildConfigurationList = 746C5C69257A5A1F00C74B9F /* Build configuration list for PBXNativeTarget "ScrollTestTests" */;
			buildPhases = (
				746C5C4E257A5A1F00C74B9F /* Sources */,
				746C5C4F257A5A1F00C74B9F /* Frameworks */,
				746C5C50257A5A1F00C74B9F /* Resources */,
			);
			buildRules = (
			);
			dependencies = (
				746C5C54257A5A1F00C74B9F /* PBXTargetDependency */,
			);
			name = ScrollTestTests;
			productName = ScrollTestTests;
			productReference = 746C5C52257A5A1F00C74B9F /* ScrollTestTests.xctest */;
			productType = "com.apple.product-type.bundle.unit-test";
		};
		746C5C5C257A5A1F00C74B9F /* ScrollTestUITests */ = {
			isa = PBXNativeTarget;
			buildConfigurationList = 746C5C6C257A5A1F00C74B9F /* Build configuration list for PBXNativeTarget "ScrollTestUITests" */;
			buildPhases = (
				746C5C59257A5A1F00C74B9F /* Sources */,
				746C5C5A257A5A1F00C74B9F /* Frameworks */,
				746C5C5B257A5A1F00C74B9F /* Resources */,
			);
			buildRules = (
			);
			dependencies = (
				746C5C5F257A5A1F00C74B9F /* PBXTargetDependency */,
			);
			name = ScrollTestUITests;
			productName = ScrollTestUITests;
			productReference = 746C5C5D257A5A1F00C74B9F /* ScrollTestUITests.xctest */;
			productType = "com.apple.product-type.bundle.ui-testing";
		};
/* End PBXNativeTarget section */

/* Begin PBXProject section */
		746C5C34257A5A1E00C74B9F /* Project object */ = {
			isa = PBXProject;
			attributes = {
				LastSwiftUpdateCheck = 1220;
				LastUpgradeCheck = 1220;
				TargetAttributes = {
					746C5C3B257A5A1E00C74B9F = {
						CreatedOnToolsVersion = 12.2;
					};
					746C5C51257A5A1F00C74B9F = {
						CreatedOnToolsVersion = 12.2;
						TestTargetID = 746C5C3B257A5A1E00C74B9F;
					};
					746C5C5C257A5A1F00C74B9F = {
						CreatedOnToolsVersion = 12.2;
						TestTargetID = 746C5C3B257A5A1E00C74B9F;
					};
				};
			};
			buildConfigurationList = 746C5C37257A5A1E00C74B9F /* Build configuration list for PBXProject "ScrollTest" */;
			compatibilityVersion = "Xcode 9.3";
			developmentRegion = en;
			hasScannedForEncodings = 0;
			knownRegions = (
				en,
				Base,
			);
			mainGroup = 746C5C33257A5A1E00C74B9F;
			productRefGroup = 746C5C3D257A5A1E00C74B9F /* Products */;
			projectDirPath = "";
			projectRoot = "";
			targets = (
				746C5C3B257A5A1E00C74B9F /* ScrollTest */,
				746C5C51257A5A1F00C74B9F /* ScrollTestTests */,
				746C5C5C257A5A1F00C74B9F /* ScrollTestUITests */,
			);
		};
/* End PBXProject section */

/* Begin PBXResourcesBuildPhase section */
		746C5C3A257A5A1E00C74B9F /* Resources */ = {
			isa = PBXResourcesBuildPhase;
			buildActionMask = 2147483647;
			files = (
				746C5C4C257A5A1E00C74B9F /* LaunchScreen.storyboard in Resources */,
				746C5C49257A5A1E00C74B9F /* Assets.xcassets in Resources */,
				746C5C47257A5A1E00C74B9F /* Main.storyboard in Resources */,
			);
			runOnlyForDeploymentPostprocessing = 0;
		};
		746C5C50257A5A1F00C74B9F /* Resources */ = {
			isa = PBXResourcesBuildPhase;
			buildActionMask = 2147483647;
			files = (
			);
			runOnlyForDeploymentPostprocessing = 0;
		};
		746C5C5B257A5A1F00C74B9F /* Resources */ = {
			isa = PBXResourcesBuildPhase;
			buildActionMask = 2147483647;
			files = (
			);
			runOnlyForDeploymentPostprocessing = 0;
		};
/* End PBXResourcesBuildPhase section */

/* Begin PBXSourcesBuildPhase section */
		746C5C38257A5A1E00C74B9F /* Sources */ = {
			isa = PBXSourcesBuildPhase;
			buildActionMask = 2147483647;
			files = (
				746C5C73257D3D6C00C74B9F /* uiview.swift in Sources */,
				746C5C44257A5A1E00C74B9F /* ViewController.swift in Sources */,
				746C5C40257A5A1E00C74B9F /* AppDelegate.swift in Sources */,
			);
			runOnlyForDeploymentPostprocessing = 0;
		};
		746C5C4E257A5A1F00C74B9F /* Sources */ = {
			isa = PBXSourcesBuildPhase;
			buildActionMask = 2147483647;
			files = (
				746C5C57257A5A1F00C74B9F /* ScrollTestTests.swift in Sources */,
			);
			runOnlyForDeploymentPostprocessing = 0;
		};
		746C5C59257A5A1F00C74B9F /* Sources */ = {
			isa = PBXSourcesBuildPhase;
			buildActionMask = 2147483647;
			files = (
				746C5C62257A5A1F00C74B9F /* ScrollTestUITests.swift in Sources */,
			);
			runOnlyForDeploymentPostprocessing = 0;
		};
/* End PBXSourcesBuildPhase section */

/* Begin PBXTargetDependency section */
		746C5C54257A5A1F00C74B9F /* PBXTargetDependency */ = {
			isa = PBXTargetDependency;
			target = 746C5C3B257A5A1E00C74B9F /* ScrollTest */;
			targetProxy = 746C5C53257A5A1F00C74B9F /* PBXContainerItemProxy */;
		};
		746C5C5F257A5A1F00C74B9F /* PBXTargetDependency */ = {
			isa = PBXTargetDependency;
			target = 746C5C3B257A5A1E00C74B9F /* ScrollTest */;
			targetProxy = 746C5C5E257A5A1F00C74B9F /* PBXContainerItemProxy */;
		};
/* End PBXTargetDependency section */

/* Begin PBXVariantGroup section */
		746C5C45257A5A1E00C74B9F /* Main.storyboard */ = {
			isa = PBXVariantGroup;
			children = (
				746C5C46257A5A1E00C74B9F /* Base */,
			);
			name = Main.storyboard;
			sourceTree = "<group>";
		};
		746C5C4A257A5A1E00C74B9F /* LaunchScreen.storyboard */ = {
			isa = PBXVariantGroup;
			children = (
				746C5C4B257A5A1E00C74B9F /* Base */,
			);
			name = LaunchScreen.storyboard;
			sourceTree = "<group>";
		};
/* End PBXVariantGroup section */

/* Begin XCBuildConfiguration section */
		746C5C64257A5A1F00C74B9F /* Debug */ = {
			isa = XCBuildConfiguration;
			buildSettings = {
				ALWAYS_SEARCH_USER_PATHS = NO;
				CLANG_ANALYZER_NONNULL = YES;
				CLANG_ANALYZER_NUMBER_OBJECT_CONVERSION = YES_AGGRESSIVE;
				CLANG_CXX_LANGUAGE_STANDARD = "gnu++14";
				CLANG_CXX_LIBRARY = "libc++";
				CLANG_ENABLE_MODULES = YES;
				CLANG_ENABLE_OBJC_ARC = YES;
				CLANG_ENABLE_OBJC_WEAK = YES;
				CLANG_WARN_BLOCK_CAPTURE_AUTORELEASING = YES;
				CLANG_WARN_BOOL_CONVERSION = YES;
				CLANG_WARN_COMMA = YES;
				CLANG_WARN_CONSTANT_CONVERSION = YES;
				CLANG_WARN_DEPRECATED_OBJC_IMPLEMENTATIONS = YES;
				CLANG_WARN_DIRECT_OBJC_ISA_USAGE = YES_ERROR;
				CLANG_WARN_DOCUMENTATION_COMMENTS = YES;
				CLANG_WARN_EMPTY_BODY = YES;
				CLANG_WARN_ENUM_CONVERSION = YES;
				CLANG_WARN_INFINITE_RECURSION = YES;
				CLANG_WARN_INT_CONVERSION = YES;
				CLANG_WARN_NON_LITERAL_NULL_CONVERSION = YES;
				CLANG_WARN_OBJC_IMPLICIT_RETAIN_SELF = YES;
				CLANG_WARN_OBJC_LITERAL_CONVERSION = YES;
				CLANG_WARN_OBJC_ROOT_CLASS = YES_ERROR;
				CLANG_WARN_QUOTED_INCLUDE_IN_FRAMEWORK_HEADER = YES;
				CLANG_WARN_RANGE_LOOP_ANALYSIS = YES;
				CLANG_WARN_STRICT_PROTOTYPES = YES;
				CLANG_WARN_SUSPICIOUS_MOVE = YES;
				CLANG_WARN_UNGUARDED_AVAILABILITY = YES_AGGRESSIVE;
				CLANG_WARN_UNREACHABLE_CODE = YES;
				CLANG_WARN__DUPLICATE_METHOD_MATCH = YES;
				COPY_PHASE_STRIP = NO;
				DEBUG_INFORMATION_FORMAT = dwarf;
				ENABLE_STRICT_OBJC_MSGSEND = YES;
				ENABLE_TESTABILITY = YES;
				GCC_C_LANGUAGE_STANDARD = gnu11;
				GCC_DYNAMIC_NO_PIC = NO;
				GCC_NO_COMMON_BLOCKS = YES;
				GCC_OPTIMIZATION_LEVEL = 0;
				GCC_PREPROCESSOR_DEFINITIONS = (
					"DEBUG=1",
					"$(inherited)",
				);
				GCC_WARN_64_TO_32_BIT_CONVERSION = YES;
				GCC_WARN_ABOUT_RETURN_TYPE = YES_ERROR;
				GCC_WARN_UNDECLARED_SELECTOR = YES;
				GCC_WARN_UNINITIALIZED_AUTOS = YES_AGGRESSIVE;
				GCC_WARN_UNUSED_FUNCTION = YES;
				GCC_WARN_UNUSED_VARIABLE = YES;
				IPHONEOS_DEPLOYMENT_TARGET = 12.0;
				MTL_ENABLE_DEBUG_INFO = INCLUDE_SOURCE;
				MTL_FAST_MATH = YES;
				ONLY_ACTIVE_ARCH = YES;
				SDKROOT = iphoneos;
				SWIFT_ACTIVE_COMPILATION_CONDITIONS = DEBUG;
				SWIFT_OPTIMIZATION_LEVEL = "-Onone";
			};
			name = Debug;
		};
		746C5C65257A5A1F00C74B9F /* Release */ = {
			isa = XCBuildConfiguration;
			buildSettings = {
				ALWAYS_SEARCH_USER_PATHS = NO;
				CLANG_ANALYZER_NONNULL = YES;
				CLANG_ANALYZER_NUMBER_OBJECT_CONVERSION = YES_AGGRESSIVE;
				CLANG_CXX_LANGUAGE_STANDARD = "gnu++14";
				CLANG_CXX_LIBRARY = "libc++";
				CLANG_ENABLE_MODULES = YES;
				CLANG_ENABLE_OBJC_ARC = YES;
				CLANG_ENABLE_OBJC_WEAK = YES;
				CLANG_WARN_BLOCK_CAPTURE_AUTORELEASING = YES;
				CLANG_WARN_BOOL_CONVERSION = YES;
				CLANG_WARN_COMMA = YES;
				CLANG_WARN_CONSTANT_CONVERSION = YES;
				CLANG_WARN_DEPRECATED_OBJC_IMPLEMENTATIONS = YES;
				CLANG_WARN_DIRECT_OBJC_ISA_USAGE = YES_ERROR;
				CLANG_WARN_DOCUMENTATION_COMMENTS = YES;
				CLANG_WARN_EMPTY_BODY = YES;
				CLANG_WARN_ENUM_CONVERSION = YES;
				CLANG_WARN_INFINITE_RECURSION = YES;
				CLANG_WARN_INT_CONVERSION = YES;
				CLANG_WARN_NON_LITERAL_NULL_CONVERSION = YES;
				CLANG_WARN_OBJC_IMPLICIT_RETAIN_SELF = YES;
				CLANG_WARN_OBJC_LITERAL_CONVERSION = YES;
				CLANG_WARN_OBJC_ROOT_CLASS = YES_ERROR;
				CLANG_WARN_QUOTED_INCLUDE_IN_FRAMEWORK_HEADER = YES;
				CLANG_WARN_RANGE_LOOP_ANALYSIS = YES;
				CLANG_WARN_STRICT_PROTOTYPES = YES;
				CLANG_WARN_SUSPICIOUS_MOVE = YES;
				CLANG_WARN_UNGUARDED_AVAILABILITY = YES_AGGRESSIVE;
				CLANG_WARN_UNREACHABLE_CODE = YES;
				CLANG_WARN__DUPLICATE_METHOD_MATCH = YES;
				COPY_PHASE_STRIP = NO;
				DEBUG_INFORMATION_FORMAT = "dwarf-with-dsym";
				ENABLE_NS_ASSERTIONS = NO;
				ENABLE_STRICT_OBJC_MSGSEND = YES;
				GCC_C_LANGUAGE_STANDARD = gnu11;
				GCC_NO_COMMON_BLOCKS = YES;
				GCC_WARN_64_TO_32_BIT_CONVERSION = YES;
				GCC_WARN_ABOUT_RETURN_TYPE = YES_ERROR;
				GCC_WARN_UNDECLARED_SELECTOR = YES;
				GCC_WARN_UNINITIALIZED_AUTOS = YES_AGGRESSIVE;
				GCC_WARN_UNUSED_FUNCTION = YES;
				GCC_WARN_UNUSED_VARIABLE = YES;
				IPHONEOS_DEPLOYMENT_TARGET = 12.0;
				MTL_ENABLE_DEBUG_INFO = NO;
				MTL_FAST_MATH = YES;
				SDKROOT = iphoneos;
				SWIFT_COMPILATION_MODE = wholemodule;
				SWIFT_OPTIMIZATION_LEVEL = "-O";
				VALIDATE_PRODUCT = YES;
			};
			name = Release;
		};
		746C5C67257A5A1F00C74B9F /* Debug */ = {
			isa = XCBuildConfiguration;
			buildSettings = {
				ASSETCATALOG_COMPILER_APPICON_NAME = AppIcon;
				ASSETCATALOG_COMPILER_GLOBAL_ACCENT_COLOR_NAME = AccentColor;
				CODE_SIGN_STYLE = Automatic;
				DEVELOPMENT_TEAM = AL9L4NE9HL;
				INFOPLIST_FILE = ScrollTest/Info.plist;
				LD_RUNPATH_SEARCH_PATHS = (
					"$(inherited)",
					"@executable_path/Frameworks",
				);
				PRODUCT_BUNDLE_IDENTIFIER = kr.pv.ScrollTest;
				PRODUCT_NAME = "$(TARGET_NAME)";
				SWIFT_VERSION = 5.0;
				TARGETED_DEVICE_FAMILY = "1,2";
			};
			name = Debug;
		};
		746C5C68257A5A1F00C74B9F /* Release */ = {
			isa = XCBuildConfiguration;
			buildSettings = {
				ASSETCATALOG_COMPILER_APPICON_NAME = AppIcon;
				ASSETCATALOG_COMPILER_GLOBAL_ACCENT_COLOR_NAME = AccentColor;
				CODE_SIGN_STYLE = Automatic;
				DEVELOPMENT_TEAM = AL9L4NE9HL;
				INFOPLIST_FILE = ScrollTest/Info.plist;
				LD_RUNPATH_SEARCH_PATHS = (
					"$(inherited)",
					"@executable_path/Frameworks",
				);
				PRODUCT_BUNDLE_IDENTIFIER = kr.pv.ScrollTest;
				PRODUCT_NAME = "$(TARGET_NAME)";
				SWIFT_VERSION = 5.0;
				TARGETED_DEVICE_FAMILY = "1,2";
			};
			name = Release;
		};
		746C5C6A257A5A1F00C74B9F /* Debug */ = {
			isa = XCBuildConfiguration;
			buildSettings = {
				ALWAYS_EMBED_SWIFT_STANDARD_LIBRARIES = YES;
				BUNDLE_LOADER = "$(TEST_HOST)";
				CODE_SIGN_STYLE = Automatic;
				DEVELOPMENT_TEAM = AL9L4NE9HL;
				INFOPLIST_FILE = ScrollTestTests/Info.plist;
				IPHONEOS_DEPLOYMENT_TARGET = 14.2;
				LD_RUNPATH_SEARCH_PATHS = (
					"$(inherited)",
					"@executable_path/Frameworks",
					"@loader_path/Frameworks",
				);
				PRODUCT_BUNDLE_IDENTIFIER = kr.pv.ScrollTestTests;
				PRODUCT_NAME = "$(TARGET_NAME)";
				SWIFT_VERSION = 5.0;
				TARGETED_DEVICE_FAMILY = "1,2";
				TEST_HOST = "$(BUILT_PRODUCTS_DIR)/ScrollTest.app/ScrollTest";
			};
			name = Debug;
		};
		746C5C6B257A5A1F00C74B9F /* Release */ = {
			isa = XCBuildConfiguration;
			buildSettings = {
				ALWAYS_EMBED_SWIFT_STANDARD_LIBRARIES = YES;
				BUNDLE_LOADER = "$(TEST_HOST)";
				CODE_SIGN_STYLE = Automatic;
				DEVELOPMENT_TEAM = AL9L4NE9HL;
				INFOPLIST_FILE = ScrollTestTests/Info.plist;
				IPHONEOS_DEPLOYMENT_TARGET = 14.2;
				LD_RUNPATH_SEARCH_PATHS = (
					"$(inherited)",
					"@executable_path/Frameworks",
					"@loader_path/Frameworks",
				);
				PRODUCT_BUNDLE_IDENTIFIER = kr.pv.ScrollTestTests;
				PRODUCT_NAME = "$(TARGET_NAME)";
				SWIFT_VERSION = 5.0;
				TARGETED_DEVICE_FAMILY = "1,2";
				TEST_HOST = "$(BUILT_PRODUCTS_DIR)/ScrollTest.app/ScrollTest";
			};
			name = Release;
		};
		746C5C6D257A5A1F00C74B9F /* Debug */ = {
			isa = XCBuildConfiguration;
			buildSettings = {
				ALWAYS_EMBED_SWIFT_STANDARD_LIBRARIES = YES;
				CODE_SIGN_STYLE = Automatic;
				DEVELOPMENT_TEAM = AL9L4NE9HL;
				INFOPLIST_FILE = ScrollTestUITests/Info.plist;
				LD_RUNPATH_SEARCH_PATHS = (
					"$(inherited)",
					"@executable_path/Frameworks",
					"@loader_path/Frameworks",
				);
				PRODUCT_BUNDLE_IDENTIFIER = kr.pv.ScrollTestUITests;
				PRODUCT_NAME = "$(TARGET_NAME)";
				SWIFT_VERSION = 5.0;
				TARGETED_DEVICE_FAMILY = "1,2";
				TEST_TARGET_NAME = ScrollTest;
			};
			name = Debug;
		};
		746C5C6E257A5A1F00C74B9F /* Release */ = {
			isa = XCBuildConfiguration;
			buildSettings = {
				ALWAYS_EMBED_SWIFT_STANDARD_LIBRARIES = YES;
				CODE_SIGN_STYLE = Automatic;
				DEVELOPMENT_TEAM = AL9L4NE9HL;
				INFOPLIST_FILE = ScrollTestUITests/Info.plist;
				LD_RUNPATH_SEARCH_PATHS = (
					"$(inherited)",
					"@executable_path/Frameworks",
					"@loader_path/Frameworks",
				);
				PRODUCT_BUNDLE_IDENTIFIER = kr.pv.ScrollTestUITests;
				PRODUCT_NAME = "$(TARGET_NAME)";
				SWIFT_VERSION = 5.0;
				TARGETED_DEVICE_FAMILY = "1,2";
				TEST_TARGET_NAME = ScrollTest;
			};
			name = Release;
		};
/* End XCBuildConfiguration section */

/* Begin XCConfigurationList section */
		746C5C37257A5A1E00C74B9F /* Build configuration list for PBXProject "ScrollTest" */ = {
			isa = XCConfigurationList;
			buildConfigurations = (
				746C5C64257A5A1F00C74B9F /* Debug */,
				746C5C65257A5A1F00C74B9F /* Release */,
			);
			defaultConfigurationIsVisible = 0;
			defaultConfigurationName = Release;
		};
		746C5C66257A5A1F00C74B9F /* Build configuration list for PBXNativeTarget "ScrollTest" */ = {
			isa = XCConfigurationList;
			buildConfigurations = (
				746C5C67257A5A1F00C74B9F /* Debug */,
				746C5C68257A5A1F00C74B9F /* Release */,
			);
			defaultConfigurationIsVisible = 0;
			defaultConfigurationName = Release;
		};
		746C5C69257A5A1F00C74B9F /* Build configuration list for PBXNativeTarget "ScrollTestTests" */ = {
			isa = XCConfigurationList;
			buildConfigurations = (
				746C5C6A257A5A1F00C74B9F /* Debug */,
				746C5C6B257A5A1F00C74B9F /* Release */,
			);
			defaultConfigurationIsVisible = 0;
			defaultConfigurationName = Release;
		};
		746C5C6C257A5A1F00C74B9F /* Build configuration list for PBXNativeTarget "ScrollTestUITests" */ = {
			isa = XCConfigurationList;
			buildConfigurations = (
				746C5C6D257A5A1F00C74B9F /* Debug */,
				746C5C6E257A5A1F00C74B9F /* Release */,
			);
			defaultConfigurationIsVisible = 0;
			defaultConfigurationName = Release;
		};
/* End XCConfigurationList section */
	};
	rootObject = 746C5C34257A5A1E00C74B9F /* Project object */;
}
