// !$*UTF8*$!
{
	archiveVersion = 1;
	classes = {
	};
	objectVersion = 50;
	objects = {

/* Begin PBXBuildFile section */
		740EB34B244D8C4C008D6FFE /* AppDelegate.swift in Sources */ = {isa = PBXBuildFile; fileRef = 740EB34A244D8C4C008D6FFE /* AppDelegate.swift */; };
		740EB34D244D8C4C008D6FFE /* SceneDelegate.swift in Sources */ = {isa = PBXBuildFile; fileRef = 740EB34C244D8C4C008D6FFE /* SceneDelegate.swift */; };
		740EB34F244D8C4C008D6FFE /* ContentView.swift in Sources */ = {isa = PBXBuildFile; fileRef = 740EB34E244D8C4C008D6FFE /* ContentView.swift */; };
		740EB351244D8C4D008D6FFE /* Assets.xcassets in Resources */ = {isa = PBXBuildFile; fileRef = 740EB350244D8C4D008D6FFE /* Assets.xcassets */; };
		740EB354244D8C4D008D6FFE /* Preview Assets.xcassets in Resources */ = {isa = PBXBuildFile; fileRef = 740EB353244D8C4D008D6FFE /* Preview Assets.xcassets */; };
		740EB357244D8C4D008D6FFE /* LaunchScreen.storyboard in Resources */ = {isa = PBXBuildFile; fileRef = 740EB355244D8C4D008D6FFE /* LaunchScreen.storyboard */; };
		740EB362244D8C4D008D6FFE /* SwiftUIExampleTests.swift in Sources */ = {isa = PBXBuildFile; fileRef = 740EB361244D8C4D008D6FFE /* SwiftUIExampleTests.swift */; };
		740EB36D244D8C4D008D6FFE /* SwiftUIExampleUITests.swift in Sources */ = {isa = PBXBuildFile; fileRef = 740EB36C244D8C4D008D6FFE /* SwiftUIExampleUITests.swift */; };
		74238D9924501A8D00071A39 /* ListContentView.swift in Sources */ = {isa = PBXBuildFile; fileRef = 74238D9824501A8D00071A39 /* ListContentView.swift */; };
		74238D9D2451115E00071A39 /* ListViewItem.swift in Sources */ = {isa = PBXBuildFile; fileRef = 74238D9C2451115E00071A39 /* ListViewItem.swift */; };
		74238D9F2451266A00071A39 /* ListViewCell.swift in Sources */ = {isa = PBXBuildFile; fileRef = 74238D9E2451266A00071A39 /* ListViewCell.swift */; };
		74238DA124512C4000071A39 /* ListViewItemDetail.swift in Sources */ = {isa = PBXBuildFile; fileRef = 74238DA024512C4000071A39 /* ListViewItemDetail.swift */; };
		74238DA42451528700071A39 /* BindingContentView.swift in Sources */ = {isa = PBXBuildFile; fileRef = 74238DA32451528700071A39 /* BindingContentView.swift */; };
		74238DA624516E6E00071A39 /* ObservableObjectContentView.swift in Sources */ = {isa = PBXBuildFile; fileRef = 74238DA524516E6E00071A39 /* ObservableObjectContentView.swift */; };
		7471AAC3245273110007DC2D /* ImageCustomContentView.swift in Sources */ = {isa = PBXBuildFile; fileRef = 7471AAC2245273110007DC2D /* ImageCustomContentView.swift */; };
		7471AAC6245284210007DC2D /* MapView.swift in Sources */ = {isa = PBXBuildFile; fileRef = 7471AAC5245284210007DC2D /* MapView.swift */; };
		7471AACA2452CBCA0007DC2D /* Landmark.swift in Sources */ = {isa = PBXBuildFile; fileRef = 7471AAC92452CBCA0007DC2D /* Landmark.swift */; };
		7471AACC2456709D0007DC2D /* landmark.json in Resources */ = {isa = PBXBuildFile; fileRef = 7471AACB2456709D0007DC2D /* landmark.json */; };
		7471AACE2456BEB20007DC2D /* LandmarkDetailView.swift in Sources */ = {isa = PBXBuildFile; fileRef = 7471AACD2456BEB20007DC2D /* LandmarkDetailView.swift */; };
		7471AAD02456BECB0007DC2D /* LandmarkRowView.swift in Sources */ = {isa = PBXBuildFile; fileRef = 7471AACF2456BECB0007DC2D /* LandmarkRowView.swift */; };
		7471AAD22457B22B0007DC2D /* LandmarkListView.swift in Sources */ = {isa = PBXBuildFile; fileRef = 7471AAD12457B22B0007DC2D /* LandmarkListView.swift */; };
		7471AAD92457EC570007DC2D /* JSJsonDecoder.swift in Sources */ = {isa = PBXBuildFile; fileRef = 7471AAD82457EC570007DC2D /* JSJsonDecoder.swift */; };
		7471AADB2459041C0007DC2D /* Constant.swift in Sources */ = {isa = PBXBuildFile; fileRef = 7471AADA2459041C0007DC2D /* Constant.swift */; };
		7471AADD245963D20007DC2D /* UserData.swift in Sources */ = {isa = PBXBuildFile; fileRef = 7471AADC245963D20007DC2D /* UserData.swift */; };
		7471AAE02462516D0007DC2D /* CheobangView.swift in Sources */ = {isa = PBXBuildFile; fileRef = 7471AADF2462516D0007DC2D /* CheobangView.swift */; };
		7471AAE2246253AF0007DC2D /* BannerView.swift in Sources */ = {isa = PBXBuildFile; fileRef = 7471AAE1246253AF0007DC2D /* BannerView.swift */; };
		7471AAE7246254690007DC2D /* Banner.swift in Sources */ = {isa = PBXBuildFile; fileRef = 7471AAE6246254690007DC2D /* Banner.swift */; };
		7471AAE9246259F60007DC2D /* BannerItemView.swift in Sources */ = {isa = PBXBuildFile; fileRef = 7471AAE8246259F60007DC2D /* BannerItemView.swift */; };
		7471AAEC2463AB4F0007DC2D /* TestView1.swift in Sources */ = {isa = PBXBuildFile; fileRef = 7471AAEB2463AB4F0007DC2D /* TestView1.swift */; };
		7471AAEE2463C35B0007DC2D /* NavigationBarModifier.swift in Sources */ = {isa = PBXBuildFile; fileRef = 7471AAED2463C35B0007DC2D /* NavigationBarModifier.swift */; };
		7471AAF12463CC120007DC2D /* ViewExtension.swift in Sources */ = {isa = PBXBuildFile; fileRef = 7471AAF02463CC120007DC2D /* ViewExtension.swift */; };
/* End PBXBuildFile section */

/* Begin PBXContainerItemProxy section */
		740EB35E244D8C4D008D6FFE /* PBXContainerItemProxy */ = {
			isa = PBXContainerItemProxy;
			containerPortal = 740EB33F244D8C4C008D6FFE /* Project object */;
			proxyType = 1;
			remoteGlobalIDString = 740EB346244D8C4C008D6FFE;
			remoteInfo = SwiftUIExample;
		};
		740EB369244D8C4D008D6FFE /* PBXContainerItemProxy */ = {
			isa = PBXContainerItemProxy;
			containerPortal = 740EB33F244D8C4C008D6FFE /* Project object */;
			proxyType = 1;
			remoteGlobalIDString = 740EB346244D8C4C008D6FFE;
			remoteInfo = SwiftUIExample;
		};
/* End PBXContainerItemProxy section */

/* Begin PBXFileReference section */
		740EB347244D8C4C008D6FFE /* SwiftUIExample.app */ = {isa = PBXFileReference; explicitFileType = wrapper.application; includeInIndex = 0; path = SwiftUIExample.app; sourceTree = BUILT_PRODUCTS_DIR; };
		740EB34A244D8C4C008D6FFE /* AppDelegate.swift */ = {isa = PBXFileReference; lastKnownFileType = sourcecode.swift; path = AppDelegate.swift; sourceTree = "<group>"; };
		740EB34C244D8C4C008D6FFE /* SceneDelegate.swift */ = {isa = PBXFileReference; lastKnownFileType = sourcecode.swift; path = SceneDelegate.swift; sourceTree = "<group>"; };
		740EB34E244D8C4C008D6FFE /* ContentView.swift */ = {isa = PBXFileReference; lastKnownFileType = sourcecode.swift; path = ContentView.swift; sourceTree = "<group>"; };
		740EB350244D8C4D008D6FFE /* Assets.xcassets */ = {isa = PBXFileReference; lastKnownFileType = folder.assetcatalog; path = Assets.xcassets; sourceTree = "<group>"; };
		740EB353244D8C4D008D6FFE /* Preview Assets.xcassets */ = {isa = PBXFileReference; lastKnownFileType = folder.assetcatalog; path = "Preview Assets.xcassets"; sourceTree = "<group>"; };
		740EB356244D8C4D008D6FFE /* Base */ = {isa = PBXFileReference; lastKnownFileType = file.storyboard; name = Base; path = Base.lproj/LaunchScreen.storyboard; sourceTree = "<group>"; };
		740EB358244D8C4D008D6FFE /* Info.plist */ = {isa = PBXFileReference; lastKnownFileType = text.plist.xml; path = Info.plist; sourceTree = "<group>"; };
		740EB35D244D8C4D008D6FFE /* SwiftUIExampleTests.xctest */ = {isa = PBXFileReference; explicitFileType = wrapper.cfbundle; includeInIndex = 0; path = SwiftUIExampleTests.xctest; sourceTree = BUILT_PRODUCTS_DIR; };
		740EB361244D8C4D008D6FFE /* SwiftUIExampleTests.swift */ = {isa = PBXFileReference; lastKnownFileType = sourcecode.swift; path = SwiftUIExampleTests.swift; sourceTree = "<group>"; };
		740EB363244D8C4D008D6FFE /* Info.plist */ = {isa = PBXFileReference; lastKnownFileType = text.plist.xml; path = Info.plist; sourceTree = "<group>"; };
		740EB368244D8C4D008D6FFE /* SwiftUIExampleUITests.xctest */ = {isa = PBXFileReference; explicitFileType = wrapper.cfbundle; includeInIndex = 0; path = SwiftUIExampleUITests.xctest; sourceTree = BUILT_PRODUCTS_DIR; };
		740EB36C244D8C4D008D6FFE /* SwiftUIExampleUITests.swift */ = {isa = PBXFileReference; lastKnownFileType = sourcecode.swift; path = SwiftUIExampleUITests.swift; sourceTree = "<group>"; };
		740EB36E244D8C4D008D6FFE /* Info.plist */ = {isa = PBXFileReference; lastKnownFileType = text.plist.xml; path = Info.plist; sourceTree = "<group>"; };
		74238D9824501A8D00071A39 /* ListContentView.swift */ = {isa = PBXFileReference; lastKnownFileType = sourcecode.swift; path = ListContentView.swift; sourceTree = "<group>"; };
		74238D9C2451115E00071A39 /* ListViewItem.swift */ = {isa = PBXFileReference; lastKnownFileType = sourcecode.swift; path = ListViewItem.swift; sourceTree = "<group>"; };
		74238D9E2451266A00071A39 /* ListViewCell.swift */ = {isa = PBXFileReference; lastKnownFileType = sourcecode.swift; path = ListViewCell.swift; sourceTree = "<group>"; };
		74238DA024512C4000071A39 /* ListViewItemDetail.swift */ = {isa = PBXFileReference; lastKnownFileType = sourcecode.swift; path = ListViewItemDetail.swift; sourceTree = "<group>"; };
		74238DA32451528700071A39 /* BindingContentView.swift */ = {isa = PBXFileReference; lastKnownFileType = sourcecode.swift; path = BindingContentView.swift; sourceTree = "<group>"; };
		74238DA524516E6E00071A39 /* ObservableObjectContentView.swift */ = {isa = PBXFileReference; lastKnownFileType = sourcecode.swift; path = ObservableObjectContentView.swift; sourceTree = "<group>"; };
		7471AAC2245273110007DC2D /* ImageCustomContentView.swift */ = {isa = PBXFileReference; lastKnownFileType = sourcecode.swift; path = ImageCustomContentView.swift; sourceTree = "<group>"; };
		7471AAC5245284210007DC2D /* MapView.swift */ = {isa = PBXFileReference; lastKnownFileType = sourcecode.swift; path = MapView.swift; sourceTree = "<group>"; };
		7471AAC92452CBCA0007DC2D /* Landmark.swift */ = {isa = PBXFileReference; lastKnownFileType = sourcecode.swift; path = Landmark.swift; sourceTree = "<group>"; };
		7471AACB2456709D0007DC2D /* landmark.json */ = {isa = PBXFileReference; lastKnownFileType = text.json; path = landmark.json; sourceTree = "<group>"; };
		7471AACD2456BEB20007DC2D /* LandmarkDetailView.swift */ = {isa = PBXFileReference; lastKnownFileType = sourcecode.swift; path = LandmarkDetailView.swift; sourceTree = "<group>"; };
		7471AACF2456BECB0007DC2D /* LandmarkRowView.swift */ = {isa = PBXFileReference; lastKnownFileType = sourcecode.swift; path = LandmarkRowView.swift; sourceTree = "<group>"; };
		7471AAD12457B22B0007DC2D /* LandmarkListView.swift */ = {isa = PBXFileReference; lastKnownFileType = sourcecode.swift; path = LandmarkListView.swift; sourceTree = "<group>"; };
		7471AAD82457EC570007DC2D /* JSJsonDecoder.swift */ = {isa = PBXFileReference; lastKnownFileType = sourcecode.swift; path = JSJsonDecoder.swift; sourceTree = "<group>"; };
		7471AADA2459041C0007DC2D /* Constant.swift */ = {isa = PBXFileReference; lastKnownFileType = sourcecode.swift; path = Constant.swift; sourceTree = "<group>"; };
		7471AADC245963D20007DC2D /* UserData.swift */ = {isa = PBXFileReference; lastKnownFileType = sourcecode.swift; path = UserData.swift; sourceTree = "<group>"; };
		7471AADF2462516D0007DC2D /* CheobangView.swift */ = {isa = PBXFileReference; lastKnownFileType = sourcecode.swift; path = CheobangView.swift; sourceTree = "<group>"; };
		7471AAE1246253AF0007DC2D /* BannerView.swift */ = {isa = PBXFileReference; lastKnownFileType = sourcecode.swift; path = BannerView.swift; sourceTree = "<group>"; };
		7471AAE6246254690007DC2D /* Banner.swift */ = {isa = PBXFileReference; lastKnownFileType = sourcecode.swift; path = Banner.swift; sourceTree = "<group>"; };
		7471AAE8246259F60007DC2D /* BannerItemView.swift */ = {isa = PBXFileReference; lastKnownFileType = sourcecode.swift; path = BannerItemView.swift; sourceTree = "<group>"; };
		7471AAEB2463AB4F0007DC2D /* TestView1.swift */ = {isa = PBXFileReference; lastKnownFileType = sourcecode.swift; path = TestView1.swift; sourceTree = "<group>"; };
		7471AAED2463C35B0007DC2D /* NavigationBarModifier.swift */ = {isa = PBXFileReference; lastKnownFileType = sourcecode.swift; path = NavigationBarModifier.swift; sourceTree = "<group>"; };
		7471AAF02463CC120007DC2D /* ViewExtension.swift */ = {isa = PBXFileReference; lastKnownFileType = sourcecode.swift; path = ViewExtension.swift; sourceTree = "<group>"; };
/* End PBXFileReference section */

/* Begin PBXFrameworksBuildPhase section */
		740EB344244D8C4C008D6FFE /* Frameworks */ = {
			isa = PBXFrameworksBuildPhase;
			buildActionMask = 2147483647;
			files = (
			);
			runOnlyForDeploymentPostprocessing = 0;
		};
		740EB35A244D8C4D008D6FFE /* Frameworks */ = {
			isa = PBXFrameworksBuildPhase;
			buildActionMask = 2147483647;
			files = (
			);
			runOnlyForDeploymentPostprocessing = 0;
		};
		740EB365244D8C4D008D6FFE /* Frameworks */ = {
			isa = PBXFrameworksBuildPhase;
			buildActionMask = 2147483647;
			files = (
			);
			runOnlyForDeploymentPostprocessing = 0;
		};
/* End PBXFrameworksBuildPhase section */

/* Begin PBXGroup section */
		740EB33E244D8C4C008D6FFE = {
			isa = PBXGroup;
			children = (
				740EB349244D8C4C008D6FFE /* SwiftUIExample */,
				740EB360244D8C4D008D6FFE /* SwiftUIExampleTests */,
				740EB36B244D8C4D008D6FFE /* SwiftUIExampleUITests */,
				740EB348244D8C4C008D6FFE /* Products */,
			);
			sourceTree = "<group>";
		};
		740EB348244D8C4C008D6FFE /* Products */ = {
			isa = PBXGroup;
			children = (
				740EB347244D8C4C008D6FFE /* SwiftUIExample.app */,
				740EB35D244D8C4D008D6FFE /* SwiftUIExampleTests.xctest */,
				740EB368244D8C4D008D6FFE /* SwiftUIExampleUITests.xctest */,
			);
			name = Products;
			sourceTree = "<group>";
		};
		740EB349244D8C4C008D6FFE /* SwiftUIExample */ = {
			isa = PBXGroup;
			children = (
				7471AAEA2463AB440007DC2D /* Test */,
				7471AADE246251480007DC2D /* Cheobang */,
				7471AAD32457E7660007DC2D /* Common */,
				7471AAC4245284120007DC2D /* Map */,
				7471AAC1245272FF0007DC2D /* ImageCustom */,
				74238DA22451527200071A39 /* Binding */,
				74238D9724501A7300071A39 /* List */,
				740EB34A244D8C4C008D6FFE /* AppDelegate.swift */,
				740EB34C244D8C4C008D6FFE /* SceneDelegate.swift */,
				740EB34E244D8C4C008D6FFE /* ContentView.swift */,
				740EB350244D8C4D008D6FFE /* Assets.xcassets */,
				740EB355244D8C4D008D6FFE /* LaunchScreen.storyboard */,
				740EB358244D8C4D008D6FFE /* Info.plist */,
				740EB352244D8C4D008D6FFE /* Preview Content */,
			);
			path = SwiftUIExample;
			sourceTree = "<group>";
		};
		740EB352244D8C4D008D6FFE /* Preview Content */ = {
			isa = PBXGroup;
			children = (
				740EB353244D8C4D008D6FFE /* Preview Assets.xcassets */,
			);
			path = "Preview Content";
			sourceTree = "<group>";
		};
		740EB360244D8C4D008D6FFE /* SwiftUIExampleTests */ = {
			isa = PBXGroup;
			children = (
				740EB361244D8C4D008D6FFE /* SwiftUIExampleTests.swift */,
				740EB363244D8C4D008D6FFE /* Info.plist */,
			);
			path = SwiftUIExampleTests;
			sourceTree = "<group>";
		};
		740EB36B244D8C4D008D6FFE /* SwiftUIExampleUITests */ = {
			isa = PBXGroup;
			children = (
				740EB36C244D8C4D008D6FFE /* SwiftUIExampleUITests.swift */,
				740EB36E244D8C4D008D6FFE /* Info.plist */,
			);
			path = SwiftUIExampleUITests;
			sourceTree = "<group>";
		};
		74238D9724501A7300071A39 /* List */ = {
			isa = PBXGroup;
			children = (
				74238D9824501A8D00071A39 /* ListContentView.swift */,
				74238D9C2451115E00071A39 /* ListViewItem.swift */,
				74238D9E2451266A00071A39 /* ListViewCell.swift */,
				74238DA024512C4000071A39 /* ListViewItemDetail.swift */,
			);
			path = List;
			sourceTree = "<group>";
		};
		74238DA22451527200071A39 /* Binding */ = {
			isa = PBXGroup;
			children = (
				74238DA32451528700071A39 /* BindingContentView.swift */,
				74238DA524516E6E00071A39 /* ObservableObjectContentView.swift */,
			);
			path = Binding;
			sourceTree = "<group>";
		};
		7471AAC1245272FF0007DC2D /* ImageCustom */ = {
			isa = PBXGroup;
			children = (
				7471AAC2245273110007DC2D /* ImageCustomContentView.swift */,
			);
			path = ImageCustom;
			sourceTree = "<group>";
		};
		7471AAC4245284120007DC2D /* Map */ = {
			isa = PBXGroup;
			children = (
				7471AAC5245284210007DC2D /* MapView.swift */,
				7471AAC92452CBCA0007DC2D /* Landmark.swift */,
				7471AACB2456709D0007DC2D /* landmark.json */,
				7471AACD2456BEB20007DC2D /* LandmarkDetailView.swift */,
				7471AACF2456BECB0007DC2D /* LandmarkRowView.swift */,
				7471AAD12457B22B0007DC2D /* LandmarkListView.swift */,
			);
			path = Map;
			sourceTree = "<group>";
		};
		7471AAD32457E7660007DC2D /* Common */ = {
			isa = PBXGroup;
			children = (
				7471AAEF2463CC020007DC2D /* Extension */,
				7471AAD82457EC570007DC2D /* JSJsonDecoder.swift */,
				7471AADA2459041C0007DC2D /* Constant.swift */,
				7471AADC245963D20007DC2D /* UserData.swift */,
				7471AAED2463C35B0007DC2D /* NavigationBarModifier.swift */,
			);
			path = Common;
			sourceTree = "<group>";
		};
		7471AADE246251480007DC2D /* Cheobang */ = {
			isa = PBXGroup;
			children = (
				7471AAE5246254450007DC2D /* Banner */,
				7471AADF2462516D0007DC2D /* CheobangView.swift */,
			);
			path = Cheobang;
			sourceTree = "<group>";
		};
		7471AAE5246254450007DC2D /* Banner */ = {
			isa = PBXGroup;
			children = (
				7471AAE1246253AF0007DC2D /* BannerView.swift */,
				7471AAE6246254690007DC2D /* Banner.swift */,
				7471AAE8246259F60007DC2D /* BannerItemView.swift */,
			);
			path = Banner;
			sourceTree = "<group>";
		};
		7471AAEA2463AB440007DC2D /* Test */ = {
			isa = PBXGroup;
			children = (
				7471AAEB2463AB4F0007DC2D /* TestView1.swift */,
			);
			path = Test;
			sourceTree = "<group>";
		};
		7471AAEF2463CC020007DC2D /* Extension */ = {
			isa = PBXGroup;
			children = (
				7471AAF02463CC120007DC2D /* ViewExtension.swift */,
			);
			path = Extension;
			sourceTree = "<group>";
		};
/* End PBXGroup section */

/* Begin PBXNativeTarget section */
		740EB346244D8C4C008D6FFE /* SwiftUIExample */ = {
			isa = PBXNativeTarget;
			buildConfigurationList = 740EB371244D8C4D008D6FFE /* Build configuration list for PBXNativeTarget "SwiftUIExample" */;
			buildPhases = (
				740EB343244D8C4C008D6FFE /* Sources */,
				740EB344244D8C4C008D6FFE /* Frameworks */,
				740EB345244D8C4C008D6FFE /* Resources */,
			);
			buildRules = (
			);
			dependencies = (
			);
			name = SwiftUIExample;
			productName = SwiftUIExample;
			productReference = 740EB347244D8C4C008D6FFE /* SwiftUIExample.app */;
			productType = "com.apple.product-type.application";
		};
		740EB35C244D8C4D008D6FFE /* SwiftUIExampleTests */ = {
			isa = PBXNativeTarget;
			buildConfigurationList = 740EB374244D8C4D008D6FFE /* Build configuration list for PBXNativeTarget "SwiftUIExampleTests" */;
			buildPhases = (
				740EB359244D8C4D008D6FFE /* Sources */,
				740EB35A244D8C4D008D6FFE /* Frameworks */,
				740EB35B244D8C4D008D6FFE /* Resources */,
			);
			buildRules = (
			);
			dependencies = (
				740EB35F244D8C4D008D6FFE /* PBXTargetDependency */,
			);
			name = SwiftUIExampleTests;
			productName = SwiftUIExampleTests;
			productReference = 740EB35D244D8C4D008D6FFE /* SwiftUIExampleTests.xctest */;
			productType = "com.apple.product-type.bundle.unit-test";
		};
		740EB367244D8C4D008D6FFE /* SwiftUIExampleUITests */ = {
			isa = PBXNativeTarget;
			buildConfigurationList = 740EB377244D8C4D008D6FFE /* Build configuration list for PBXNativeTarget "SwiftUIExampleUITests" */;
			buildPhases = (
				740EB364244D8C4D008D6FFE /* Sources */,
				740EB365244D8C4D008D6FFE /* Frameworks */,
				740EB366244D8C4D008D6FFE /* Resources */,
			);
			buildRules = (
			);
			dependencies = (
				740EB36A244D8C4D008D6FFE /* PBXTargetDependency */,
			);
			name = SwiftUIExampleUITests;
			productName = SwiftUIExampleUITests;
			productReference = 740EB368244D8C4D008D6FFE /* SwiftUIExampleUITests.xctest */;
			productType = "com.apple.product-type.bundle.ui-testing";
		};
/* End PBXNativeTarget section */

/* Begin PBXProject section */
		740EB33F244D8C4C008D6FFE /* Project object */ = {
			isa = PBXProject;
			attributes = {
				LastSwiftUpdateCheck = 1130;
				LastUpgradeCheck = 1130;
				ORGANIZATIONNAME = "박진수";
				TargetAttributes = {
					740EB346244D8C4C008D6FFE = {
						CreatedOnToolsVersion = 11.3.1;
					};
					740EB35C244D8C4D008D6FFE = {
						CreatedOnToolsVersion = 11.3.1;
						TestTargetID = 740EB346244D8C4C008D6FFE;
					};
					740EB367244D8C4D008D6FFE = {
						CreatedOnToolsVersion = 11.3.1;
						TestTargetID = 740EB346244D8C4C008D6FFE;
					};
				};
			};
			buildConfigurationList = 740EB342244D8C4C008D6FFE /* Build configuration list for PBXProject "SwiftUIExample" */;
			compatibilityVersion = "Xcode 9.3";
			developmentRegion = en;
			hasScannedForEncodings = 0;
			knownRegions = (
				en,
				Base,
			);
			mainGroup = 740EB33E244D8C4C008D6FFE;
			productRefGroup = 740EB348244D8C4C008D6FFE /* Products */;
			projectDirPath = "";
			projectRoot = "";
			targets = (
				740EB346244D8C4C008D6FFE /* SwiftUIExample */,
				740EB35C244D8C4D008D6FFE /* SwiftUIExampleTests */,
				740EB367244D8C4D008D6FFE /* SwiftUIExampleUITests */,
			);
		};
/* End PBXProject section */

/* Begin PBXResourcesBuildPhase section */
		740EB345244D8C4C008D6FFE /* Resources */ = {
			isa = PBXResourcesBuildPhase;
			buildActionMask = 2147483647;
			files = (
				740EB357244D8C4D008D6FFE /* LaunchScreen.storyboard in Resources */,
				740EB354244D8C4D008D6FFE /* Preview Assets.xcassets in Resources */,
				740EB351244D8C4D008D6FFE /* Assets.xcassets in Resources */,
				7471AACC2456709D0007DC2D /* landmark.json in Resources */,
			);
			runOnlyForDeploymentPostprocessing = 0;
		};
		740EB35B244D8C4D008D6FFE /* Resources */ = {
			isa = PBXResourcesBuildPhase;
			buildActionMask = 2147483647;
			files = (
			);
			runOnlyForDeploymentPostprocessing = 0;
		};
		740EB366244D8C4D008D6FFE /* Resources */ = {
			isa = PBXResourcesBuildPhase;
			buildActionMask = 2147483647;
			files = (
			);
			runOnlyForDeploymentPostprocessing = 0;
		};
/* End PBXResourcesBuildPhase section */

/* Begin PBXSourcesBuildPhase section */
		740EB343244D8C4C008D6FFE /* Sources */ = {
			isa = PBXSourcesBuildPhase;
			buildActionMask = 2147483647;
			files = (
				7471AAE2246253AF0007DC2D /* BannerView.swift in Sources */,
				7471AACA2452CBCA0007DC2D /* Landmark.swift in Sources */,
				7471AAEE2463C35B0007DC2D /* NavigationBarModifier.swift in Sources */,
				7471AADB2459041C0007DC2D /* Constant.swift in Sources */,
				7471AAF12463CC120007DC2D /* ViewExtension.swift in Sources */,
				740EB34B244D8C4C008D6FFE /* AppDelegate.swift in Sources */,
				74238D9D2451115E00071A39 /* ListViewItem.swift in Sources */,
				7471AAEC2463AB4F0007DC2D /* TestView1.swift in Sources */,
				740EB34D244D8C4C008D6FFE /* SceneDelegate.swift in Sources */,
				74238D9924501A8D00071A39 /* ListContentView.swift in Sources */,
				74238DA42451528700071A39 /* BindingContentView.swift in Sources */,
				7471AACE2456BEB20007DC2D /* LandmarkDetailView.swift in Sources */,
				7471AAD22457B22B0007DC2D /* LandmarkListView.swift in Sources */,
				74238D9F2451266A00071A39 /* ListViewCell.swift in Sources */,
				740EB34F244D8C4C008D6FFE /* ContentView.swift in Sources */,
				7471AAC6245284210007DC2D /* MapView.swift in Sources */,
				7471AADD245963D20007DC2D /* UserData.swift in Sources */,
				7471AAE7246254690007DC2D /* Banner.swift in Sources */,
				7471AAE9246259F60007DC2D /* BannerItemView.swift in Sources */,
				7471AAD92457EC570007DC2D /* JSJsonDecoder.swift in Sources */,
				74238DA624516E6E00071A39 /* ObservableObjectContentView.swift in Sources */,
				7471AAE02462516D0007DC2D /* CheobangView.swift in Sources */,
				7471AAD02456BECB0007DC2D /* LandmarkRowView.swift in Sources */,
				74238DA124512C4000071A39 /* ListViewItemDetail.swift in Sources */,
				7471AAC3245273110007DC2D /* ImageCustomContentView.swift in Sources */,
			);
			runOnlyForDeploymentPostprocessing = 0;
		};
		740EB359244D8C4D008D6FFE /* Sources */ = {
			isa = PBXSourcesBuildPhase;
			buildActionMask = 2147483647;
			files = (
				740EB362244D8C4D008D6FFE /* SwiftUIExampleTests.swift in Sources */,
			);
			runOnlyForDeploymentPostprocessing = 0;
		};
		740EB364244D8C4D008D6FFE /* Sources */ = {
			isa = PBXSourcesBuildPhase;
			buildActionMask = 2147483647;
			files = (
				740EB36D244D8C4D008D6FFE /* SwiftUIExampleUITests.swift in Sources */,
			);
			runOnlyForDeploymentPostprocessing = 0;
		};
/* End PBXSourcesBuildPhase section */

/* Begin PBXTargetDependency section */
		740EB35F244D8C4D008D6FFE /* PBXTargetDependency */ = {
			isa = PBXTargetDependency;
			target = 740EB346244D8C4C008D6FFE /* SwiftUIExample */;
			targetProxy = 740EB35E244D8C4D008D6FFE /* PBXContainerItemProxy */;
		};
		740EB36A244D8C4D008D6FFE /* PBXTargetDependency */ = {
			isa = PBXTargetDependency;
			target = 740EB346244D8C4C008D6FFE /* SwiftUIExample */;
			targetProxy = 740EB369244D8C4D008D6FFE /* PBXContainerItemProxy */;
		};
/* End PBXTargetDependency section */

/* Begin PBXVariantGroup section */
		740EB355244D8C4D008D6FFE /* LaunchScreen.storyboard */ = {
			isa = PBXVariantGroup;
			children = (
				740EB356244D8C4D008D6FFE /* Base */,
			);
			name = LaunchScreen.storyboard;
			sourceTree = "<group>";
		};
/* End PBXVariantGroup section */

/* Begin XCBuildConfiguration section */
		740EB36F244D8C4D008D6FFE /* Debug */ = {
			isa = XCBuildConfiguration;
			buildSettings = {
				ALWAYS_SEARCH_USER_PATHS = NO;
				CLANG_ANALYZER_NONNULL = YES;
				CLANG_ANALYZER_NUMBER_OBJECT_CONVERSION = YES_AGGRESSIVE;
				CLANG_CXX_LANGUAGE_STANDARD = "gnu++14";
				CLANG_CXX_LIBRARY = "libc++";
				CLANG_ENABLE_MODULES = YES;
				CLANG_ENABLE_OBJC_ARC = YES;
				CLANG_ENABLE_OBJC_WEAK = YES;
				CLANG_WARN_BLOCK_CAPTURE_AUTORELEASING = YES;
				CLANG_WARN_BOOL_CONVERSION = YES;
				CLANG_WARN_COMMA = YES;
				CLANG_WARN_CONSTANT_CONVERSION = YES;
				CLANG_WARN_DEPRECATED_OBJC_IMPLEMENTATIONS = YES;
				CLANG_WARN_DIRECT_OBJC_ISA_USAGE = YES_ERROR;
				CLANG_WARN_DOCUMENTATION_COMMENTS = YES;
				CLANG_WARN_EMPTY_BODY = YES;
				CLANG_WARN_ENUM_CONVERSION = YES;
				CLANG_WARN_INFINITE_RECURSION = YES;
				CLANG_WARN_INT_CONVERSION = YES;
				CLANG_WARN_NON_LITERAL_NULL_CONVERSION = YES;
				CLANG_WARN_OBJC_IMPLICIT_RETAIN_SELF = YES;
				CLANG_WARN_OBJC_LITERAL_CONVERSION = YES;
				CLANG_WARN_OBJC_ROOT_CLASS = YES_ERROR;
				CLANG_WARN_RANGE_LOOP_ANALYSIS = YES;
				CLANG_WARN_STRICT_PROTOTYPES = YES;
				CLANG_WARN_SUSPICIOUS_MOVE = YES;
				CLANG_WARN_UNGUARDED_AVAILABILITY = YES_AGGRESSIVE;
				CLANG_WARN_UNREACHABLE_CODE = YES;
				CLANG_WARN__DUPLICATE_METHOD_MATCH = YES;
				COPY_PHASE_STRIP = NO;
				DEBUG_INFORMATION_FORMAT = dwarf;
				ENABLE_STRICT_OBJC_MSGSEND = YES;
				ENABLE_TESTABILITY = YES;
				GCC_C_LANGUAGE_STANDARD = gnu11;
				GCC_DYNAMIC_NO_PIC = NO;
				GCC_NO_COMMON_BLOCKS = YES;
				GCC_OPTIMIZATION_LEVEL = 0;
				GCC_PREPROCESSOR_DEFINITIONS = (
					"DEBUG=1",
					"$(inherited)",
				);
				GCC_WARN_64_TO_32_BIT_CONVERSION = YES;
				GCC_WARN_ABOUT_RETURN_TYPE = YES_ERROR;
				GCC_WARN_UNDECLARED_SELECTOR = YES;
				GCC_WARN_UNINITIALIZED_AUTOS = YES_AGGRESSIVE;
				GCC_WARN_UNUSED_FUNCTION = YES;
				GCC_WARN_UNUSED_VARIABLE = YES;
				IPHONEOS_DEPLOYMENT_TARGET = 13.2;
				MTL_ENABLE_DEBUG_INFO = INCLUDE_SOURCE;
				MTL_FAST_MATH = YES;
				ONLY_ACTIVE_ARCH = YES;
				SDKROOT = iphoneos;
				SWIFT_ACTIVE_COMPILATION_CONDITIONS = DEBUG;
				SWIFT_OPTIMIZATION_LEVEL = "-Onone";
			};
			name = Debug;
		};
		740EB370244D8C4D008D6FFE /* Release */ = {
			isa = XCBuildConfiguration;
			buildSettings = {
				ALWAYS_SEARCH_USER_PATHS = NO;
				CLANG_ANALYZER_NONNULL = YES;
				CLANG_ANALYZER_NUMBER_OBJECT_CONVERSION = YES_AGGRESSIVE;
				CLANG_CXX_LANGUAGE_STANDARD = "gnu++14";
				CLANG_CXX_LIBRARY = "libc++";
				CLANG_ENABLE_MODULES = YES;
				CLANG_ENABLE_OBJC_ARC = YES;
				CLANG_ENABLE_OBJC_WEAK = YES;
				CLANG_WARN_BLOCK_CAPTURE_AUTORELEASING = YES;
				CLANG_WARN_BOOL_CONVERSION = YES;
				CLANG_WARN_COMMA = YES;
				CLANG_WARN_CONSTANT_CONVERSION = YES;
				CLANG_WARN_DEPRECATED_OBJC_IMPLEMENTATIONS = YES;
				CLANG_WARN_DIRECT_OBJC_ISA_USAGE = YES_ERROR;
				CLANG_WARN_DOCUMENTATION_COMMENTS = YES;
				CLANG_WARN_EMPTY_BODY = YES;
				CLANG_WARN_ENUM_CONVERSION = YES;
				CLANG_WARN_INFINITE_RECURSION = YES;
				CLANG_WARN_INT_CONVERSION = YES;
				CLANG_WARN_NON_LITERAL_NULL_CONVERSION = YES;
				CLANG_WARN_OBJC_IMPLICIT_RETAIN_SELF = YES;
				CLANG_WARN_OBJC_LITERAL_CONVERSION = YES;
				CLANG_WARN_OBJC_ROOT_CLASS = YES_ERROR;
				CLANG_WARN_RANGE_LOOP_ANALYSIS = YES;
				CLANG_WARN_STRICT_PROTOTYPES = YES;
				CLANG_WARN_SUSPICIOUS_MOVE = YES;
				CLANG_WARN_UNGUARDED_AVAILABILITY = YES_AGGRESSIVE;
				CLANG_WARN_UNREACHABLE_CODE = YES;
				CLANG_WARN__DUPLICATE_METHOD_MATCH = YES;
				COPY_PHASE_STRIP = NO;
				DEBUG_INFORMATION_FORMAT = "dwarf-with-dsym";
				ENABLE_NS_ASSERTIONS = NO;
				ENABLE_STRICT_OBJC_MSGSEND = YES;
				GCC_C_LANGUAGE_STANDARD = gnu11;
				GCC_NO_COMMON_BLOCKS = YES;
				GCC_WARN_64_TO_32_BIT_CONVERSION = YES;
				GCC_WARN_ABOUT_RETURN_TYPE = YES_ERROR;
				GCC_WARN_UNDECLARED_SELECTOR = YES;
				GCC_WARN_UNINITIALIZED_AUTOS = YES_AGGRESSIVE;
				GCC_WARN_UNUSED_FUNCTION = YES;
				GCC_WARN_UNUSED_VARIABLE = YES;
				IPHONEOS_DEPLOYMENT_TARGET = 13.2;
				MTL_ENABLE_DEBUG_INFO = NO;
				MTL_FAST_MATH = YES;
				SDKROOT = iphoneos;
				SWIFT_COMPILATION_MODE = wholemodule;
				SWIFT_OPTIMIZATION_LEVEL = "-O";
				VALIDATE_PRODUCT = YES;
			};
			name = Release;
		};
		740EB372244D8C4D008D6FFE /* Debug */ = {
			isa = XCBuildConfiguration;
			buildSettings = {
				ASSETCATALOG_COMPILER_APPICON_NAME = AppIcon;
				CODE_SIGN_STYLE = Automatic;
				DEVELOPMENT_ASSET_PATHS = "\"SwiftUIExample/Preview Content\"";
				DEVELOPMENT_TEAM = HSKSVJPZJD;
				ENABLE_PREVIEWS = YES;
				INFOPLIST_FILE = SwiftUIExample/Info.plist;
				LD_RUNPATH_SEARCH_PATHS = (
					"$(inherited)",
					"@executable_path/Frameworks",
				);
				PRODUCT_BUNDLE_IDENTIFIER = com.jinsu.SwiftUIExample;
				PRODUCT_NAME = "$(TARGET_NAME)";
				SWIFT_VERSION = 5.0;
				TARGETED_DEVICE_FAMILY = "1,2";
			};
			name = Debug;
		};
		740EB373244D8C4D008D6FFE /* Release */ = {
			isa = XCBuildConfiguration;
			buildSettings = {
				ASSETCATALOG_COMPILER_APPICON_NAME = AppIcon;
				CODE_SIGN_STYLE = Automatic;
				DEVELOPMENT_ASSET_PATHS = "\"SwiftUIExample/Preview Content\"";
				DEVELOPMENT_TEAM = HSKSVJPZJD;
				ENABLE_PREVIEWS = YES;
				INFOPLIST_FILE = SwiftUIExample/Info.plist;
				LD_RUNPATH_SEARCH_PATHS = (
					"$(inherited)",
					"@executable_path/Frameworks",
				);
				PRODUCT_BUNDLE_IDENTIFIER = com.jinsu.SwiftUIExample;
				PRODUCT_NAME = "$(TARGET_NAME)";
				SWIFT_VERSION = 5.0;
				TARGETED_DEVICE_FAMILY = "1,2";
			};
			name = Release;
		};
		740EB375244D8C4D008D6FFE /* Debug */ = {
			isa = XCBuildConfiguration;
			buildSettings = {
				ALWAYS_EMBED_SWIFT_STANDARD_LIBRARIES = YES;
				BUNDLE_LOADER = "$(TEST_HOST)";
				CODE_SIGN_STYLE = Automatic;
				DEVELOPMENT_TEAM = HSKSVJPZJD;
				INFOPLIST_FILE = SwiftUIExampleTests/Info.plist;
				IPHONEOS_DEPLOYMENT_TARGET = 13.2;
				LD_RUNPATH_SEARCH_PATHS = (
					"$(inherited)",
					"@executable_path/Frameworks",
					"@loader_path/Frameworks",
				);
				PRODUCT_BUNDLE_IDENTIFIER = com.jinsu.SwiftUIExampleTests;
				PRODUCT_NAME = "$(TARGET_NAME)";
				SWIFT_VERSION = 5.0;
				TARGETED_DEVICE_FAMILY = "1,2";
				TEST_HOST = "$(BUILT_PRODUCTS_DIR)/SwiftUIExample.app/SwiftUIExample";
			};
			name = Debug;
		};
		740EB376244D8C4D008D6FFE /* Release */ = {
			isa = XCBuildConfiguration;
			buildSettings = {
				ALWAYS_EMBED_SWIFT_STANDARD_LIBRARIES = YES;
				BUNDLE_LOADER = "$(TEST_HOST)";
				CODE_SIGN_STYLE = Automatic;
				DEVELOPMENT_TEAM = HSKSVJPZJD;
				INFOPLIST_FILE = SwiftUIExampleTests/Info.plist;
				IPHONEOS_DEPLOYMENT_TARGET = 13.2;
				LD_RUNPATH_SEARCH_PATHS = (
					"$(inherited)",
					"@executable_path/Frameworks",
					"@loader_path/Frameworks",
				);
				PRODUCT_BUNDLE_IDENTIFIER = com.jinsu.SwiftUIExampleTests;
				PRODUCT_NAME = "$(TARGET_NAME)";
				SWIFT_VERSION = 5.0;
				TARGETED_DEVICE_FAMILY = "1,2";
				TEST_HOST = "$(BUILT_PRODUCTS_DIR)/SwiftUIExample.app/SwiftUIExample";
			};
			name = Release;
		};
		740EB378244D8C4D008D6FFE /* Debug */ = {
			isa = XCBuildConfiguration;
			buildSettings = {
				ALWAYS_EMBED_SWIFT_STANDARD_LIBRARIES = YES;
				CODE_SIGN_STYLE = Automatic;
				DEVELOPMENT_TEAM = HSKSVJPZJD;
				INFOPLIST_FILE = SwiftUIExampleUITests/Info.plist;
				LD_RUNPATH_SEARCH_PATHS = (
					"$(inherited)",
					"@executable_path/Frameworks",
					"@loader_path/Frameworks",
				);
				PRODUCT_BUNDLE_IDENTIFIER = com.jinsu.SwiftUIExampleUITests;
				PRODUCT_NAME = "$(TARGET_NAME)";
				SWIFT_VERSION = 5.0;
				TARGETED_DEVICE_FAMILY = "1,2";
				TEST_TARGET_NAME = SwiftUIExample;
			};
			name = Debug;
		};
		740EB379244D8C4D008D6FFE /* Release */ = {
			isa = XCBuildConfiguration;
			buildSettings = {
				ALWAYS_EMBED_SWIFT_STANDARD_LIBRARIES = YES;
				CODE_SIGN_STYLE = Automatic;
				DEVELOPMENT_TEAM = HSKSVJPZJD;
				INFOPLIST_FILE = SwiftUIExampleUITests/Info.plist;
				LD_RUNPATH_SEARCH_PATHS = (
					"$(inherited)",
					"@executable_path/Frameworks",
					"@loader_path/Frameworks",
				);
				PRODUCT_BUNDLE_IDENTIFIER = com.jinsu.SwiftUIExampleUITests;
				PRODUCT_NAME = "$(TARGET_NAME)";
				SWIFT_VERSION = 5.0;
				TARGETED_DEVICE_FAMILY = "1,2";
				TEST_TARGET_NAME = SwiftUIExample;
			};
			name = Release;
		};
/* End XCBuildConfiguration section */

/* Begin XCConfigurationList section */
		740EB342244D8C4C008D6FFE /* Build configuration list for PBXProject "SwiftUIExample" */ = {
			isa = XCConfigurationList;
			buildConfigurations = (
				740EB36F244D8C4D008D6FFE /* Debug */,
				740EB370244D8C4D008D6FFE /* Release */,
			);
			defaultConfigurationIsVisible = 0;
			defaultConfigurationName = Release;
		};
		740EB371244D8C4D008D6FFE /* Build configuration list for PBXNativeTarget "SwiftUIExample" */ = {
			isa = XCConfigurationList;
			buildConfigurations = (
				740EB372244D8C4D008D6FFE /* Debug */,
				740EB373244D8C4D008D6FFE /* Release */,
			);
			defaultConfigurationIsVisible = 0;
			defaultConfigurationName = Release;
		};
		740EB374244D8C4D008D6FFE /* Build configuration list for PBXNativeTarget "SwiftUIExampleTests" */ = {
			isa = XCConfigurationList;
			buildConfigurations = (
				740EB375244D8C4D008D6FFE /* Debug */,
				740EB376244D8C4D008D6FFE /* Release */,
			);
			defaultConfigurationIsVisible = 0;
			defaultConfigurationName = Release;
		};
		740EB377244D8C4D008D6FFE /* Build configuration list for PBXNativeTarget "SwiftUIExampleUITests" */ = {
			isa = XCConfigurationList;
			buildConfigurations = (
				740EB378244D8C4D008D6FFE /* Debug */,
				740EB379244D8C4D008D6FFE /* Release */,
			);
			defaultConfigurationIsVisible = 0;
			defaultConfigurationName = Release;
		};
/* End XCConfigurationList section */
	};
	rootObject = 740EB33F244D8C4C008D6FFE /* Project object */;
}
