// !$*UTF8*$!
{
	archiveVersion = 1;
	classes = {
	};
	objectVersion = 50;
	objects = {

/* Begin PBXBuildFile section */
		74D2BE8D259AEFAC00BF44CC /* AppDelegate.swift in Sources */ = {isa = PBXBuildFile; fileRef = 74D2BE8C259AEFAC00BF44CC /* AppDelegate.swift */; };
		74D2BE8F259AEFAC00BF44CC /* SceneDelegate.swift in Sources */ = {isa = PBXBuildFile; fileRef = 74D2BE8E259AEFAC00BF44CC /* SceneDelegate.swift */; };
		74D2BE91259AEFAC00BF44CC /* ViewController.swift in Sources */ = {isa = PBXBuildFile; fileRef = 74D2BE90259AEFAC00BF44CC /* ViewController.swift */; };
		74D2BE94259AEFAC00BF44CC /* Main.storyboard in Resources */ = {isa = PBXBuildFile; fileRef = 74D2BE92259AEFAC00BF44CC /* Main.storyboard */; };
		74D2BE96259AEFAD00BF44CC /* Assets.xcassets in Resources */ = {isa = PBXBuildFile; fileRef = 74D2BE95259AEFAD00BF44CC /* Assets.xcassets */; };
		74D2BE99259AEFAD00BF44CC /* LaunchScreen.storyboard in Resources */ = {isa = PBXBuildFile; fileRef = 74D2BE97259AEFAD00BF44CC /* LaunchScreen.storyboard */; };
		74D2BEA2259AF10500BF44CC /* VerticalViewController.swift in Sources */ = {isa = PBXBuildFile; fileRef = 74D2BEA1259AF10500BF44CC /* VerticalViewController.swift */; };
		74D2BEA5259AF11300BF44CC /* BigHorizontalViewController.swift in Sources */ = {isa = PBXBuildFile; fileRef = 74D2BEA4259AF11300BF44CC /* BigHorizontalViewController.swift */; };
		74D2BEA8259AF11F00BF44CC /* SmallHorizontalViewController.swift in Sources */ = {isa = PBXBuildFile; fileRef = 74D2BEA7259AF11F00BF44CC /* SmallHorizontalViewController.swift */; };
/* End PBXBuildFile section */

/* Begin PBXFileReference section */
		74D2BE89259AEFAC00BF44CC /* CollectionViewTest.app */ = {isa = PBXFileReference; explicitFileType = wrapper.application; includeInIndex = 0; path = CollectionViewTest.app; sourceTree = BUILT_PRODUCTS_DIR; };
		74D2BE8C259AEFAC00BF44CC /* AppDelegate.swift */ = {isa = PBXFileReference; lastKnownFileType = sourcecode.swift; path = AppDelegate.swift; sourceTree = "<group>"; };
		74D2BE8E259AEFAC00BF44CC /* SceneDelegate.swift */ = {isa = PBXFileReference; lastKnownFileType = sourcecode.swift; path = SceneDelegate.swift; sourceTree = "<group>"; };
		74D2BE90259AEFAC00BF44CC /* ViewController.swift */ = {isa = PBXFileReference; lastKnownFileType = sourcecode.swift; path = ViewController.swift; sourceTree = "<group>"; };
		74D2BE93259AEFAC00BF44CC /* Base */ = {isa = PBXFileReference; lastKnownFileType = file.storyboard; name = Base; path = Base.lproj/Main.storyboard; sourceTree = "<group>"; };
		74D2BE95259AEFAD00BF44CC /* Assets.xcassets */ = {isa = PBXFileReference; lastKnownFileType = folder.assetcatalog; path = Assets.xcassets; sourceTree = "<group>"; };
		74D2BE98259AEFAD00BF44CC /* Base */ = {isa = PBXFileReference; lastKnownFileType = file.storyboard; name = Base; path = Base.lproj/LaunchScreen.storyboard; sourceTree = "<group>"; };
		74D2BE9A259AEFAD00BF44CC /* Info.plist */ = {isa = PBXFileReference; lastKnownFileType = text.plist.xml; path = Info.plist; sourceTree = "<group>"; };
		74D2BEA1259AF10500BF44CC /* VerticalViewController.swift */ = {isa = PBXFileReference; lastKnownFileType = sourcecode.swift; path = VerticalViewController.swift; sourceTree = "<group>"; };
		74D2BEA4259AF11300BF44CC /* BigHorizontalViewController.swift */ = {isa = PBXFileReference; lastKnownFileType = sourcecode.swift; path = BigHorizontalViewController.swift; sourceTree = "<group>"; };
		74D2BEA7259AF11F00BF44CC /* SmallHorizontalViewController.swift */ = {isa = PBXFileReference; lastKnownFileType = sourcecode.swift; path = SmallHorizontalViewController.swift; sourceTree = "<group>"; };
/* End PBXFileReference section */

/* Begin PBXFrameworksBuildPhase section */
		74D2BE86259AEFAC00BF44CC /* Frameworks */ = {
			isa = PBXFrameworksBuildPhase;
			buildActionMask = 2147483647;
			files = (
			);
			runOnlyForDeploymentPostprocessing = 0;
		};
/* End PBXFrameworksBuildPhase section */

/* Begin PBXGroup section */
		74D2BE80259AEFAC00BF44CC = {
			isa = PBXGroup;
			children = (
				74D2BE8B259AEFAC00BF44CC /* CollectionViewTest */,
				74D2BE8A259AEFAC00BF44CC /* Products */,
			);
			sourceTree = "<group>";
		};
		74D2BE8A259AEFAC00BF44CC /* Products */ = {
			isa = PBXGroup;
			children = (
				74D2BE89259AEFAC00BF44CC /* CollectionViewTest.app */,
			);
			name = Products;
			sourceTree = "<group>";
		};
		74D2BE8B259AEFAC00BF44CC /* CollectionViewTest */ = {
			isa = PBXGroup;
			children = (
				74D2BE8C259AEFAC00BF44CC /* AppDelegate.swift */,
				74D2BE8E259AEFAC00BF44CC /* SceneDelegate.swift */,
				74D2BE90259AEFAC00BF44CC /* ViewController.swift */,
				74D2BE92259AEFAC00BF44CC /* Main.storyboard */,
				74D2BE95259AEFAD00BF44CC /* Assets.xcassets */,
				74D2BE97259AEFAD00BF44CC /* LaunchScreen.storyboard */,
				74D2BE9A259AEFAD00BF44CC /* Info.plist */,
				74D2BEA1259AF10500BF44CC /* VerticalViewController.swift */,
				74D2BEA4259AF11300BF44CC /* BigHorizontalViewController.swift */,
				74D2BEA7259AF11F00BF44CC /* SmallHorizontalViewController.swift */,
			);
			path = CollectionViewTest;
			sourceTree = "<group>";
		};
/* End PBXGroup section */

/* Begin PBXNativeTarget section */
		74D2BE88259AEFAC00BF44CC /* CollectionViewTest */ = {
			isa = PBXNativeTarget;
			buildConfigurationList = 74D2BE9D259AEFAD00BF44CC /* Build configuration list for PBXNativeTarget "CollectionViewTest" */;
			buildPhases = (
				74D2BE85259AEFAC00BF44CC /* Sources */,
				74D2BE86259AEFAC00BF44CC /* Frameworks */,
				74D2BE87259AEFAC00BF44CC /* Resources */,
			);
			buildRules = (
			);
			dependencies = (
			);
			name = CollectionViewTest;
			productName = CollectionViewTest;
			productReference = 74D2BE89259AEFAC00BF44CC /* CollectionViewTest.app */;
			productType = "com.apple.product-type.application";
		};
/* End PBXNativeTarget section */

/* Begin PBXProject section */
		74D2BE81259AEFAC00BF44CC /* Project object */ = {
			isa = PBXProject;
			attributes = {
				LastSwiftUpdateCheck = 1230;
				LastUpgradeCheck = 1230;
				TargetAttributes = {
					74D2BE88259AEFAC00BF44CC = {
						CreatedOnToolsVersion = 12.3;
					};
				};
			};
			buildConfigurationList = 74D2BE84259AEFAC00BF44CC /* Build configuration list for PBXProject "CollectionViewTest" */;
			compatibilityVersion = "Xcode 9.3";
			developmentRegion = en;
			hasScannedForEncodings = 0;
			knownRegions = (
				en,
				Base,
			);
			mainGroup = 74D2BE80259AEFAC00BF44CC;
			productRefGroup = 74D2BE8A259AEFAC00BF44CC /* Products */;
			projectDirPath = "";
			projectRoot = "";
			targets = (
				74D2BE88259AEFAC00BF44CC /* CollectionViewTest */,
			);
		};
/* End PBXProject section */

/* Begin PBXResourcesBuildPhase section */
		74D2BE87259AEFAC00BF44CC /* Resources */ = {
			isa = PBXResourcesBuildPhase;
			buildActionMask = 2147483647;
			files = (
				74D2BE99259AEFAD00BF44CC /* LaunchScreen.storyboard in Resources */,
				74D2BE96259AEFAD00BF44CC /* Assets.xcassets in Resources */,
				74D2BE94259AEFAC00BF44CC /* Main.storyboard in Resources */,
			);
			runOnlyForDeploymentPostprocessing = 0;
		};
/* End PBXResourcesBuildPhase section */

/* Begin PBXSourcesBuildPhase section */
		74D2BE85259AEFAC00BF44CC /* Sources */ = {
			isa = PBXSourcesBuildPhase;
			buildActionMask = 2147483647;
			files = (
				74D2BEA8259AF11F00BF44CC /* SmallHorizontalViewController.swift in Sources */,
				74D2BEA2259AF10500BF44CC /* VerticalViewController.swift in Sources */,
				74D2BEA5259AF11300BF44CC /* BigHorizontalViewController.swift in Sources */,
				74D2BE91259AEFAC00BF44CC /* ViewController.swift in Sources */,
				74D2BE8D259AEFAC00BF44CC /* AppDelegate.swift in Sources */,
				74D2BE8F259AEFAC00BF44CC /* SceneDelegate.swift in Sources */,
			);
			runOnlyForDeploymentPostprocessing = 0;
		};
/* End PBXSourcesBuildPhase section */

/* Begin PBXVariantGroup section */
		74D2BE92259AEFAC00BF44CC /* Main.storyboard */ = {
			isa = PBXVariantGroup;
			children = (
				74D2BE93259AEFAC00BF44CC /* Base */,
			);
			name = Main.storyboard;
			sourceTree = "<group>";
		};
		74D2BE97259AEFAD00BF44CC /* LaunchScreen.storyboard */ = {
			isa = PBXVariantGroup;
			children = (
				74D2BE98259AEFAD00BF44CC /* Base */,
			);
			name = LaunchScreen.storyboard;
			sourceTree = "<group>";
		};
/* End PBXVariantGroup section */

/* Begin XCBuildConfiguration section */
		74D2BE9B259AEFAD00BF44CC /* Debug */ = {
			isa = XCBuildConfiguration;
			buildSettings = {
				ALWAYS_SEARCH_USER_PATHS = NO;
				CLANG_ANALYZER_NONNULL = YES;
				CLANG_ANALYZER_NUMBER_OBJECT_CONVERSION = YES_AGGRESSIVE;
				CLANG_CXX_LANGUAGE_STANDARD = "gnu++14";
				CLANG_CXX_LIBRARY = "libc++";
				CLANG_ENABLE_MODULES = YES;
				CLANG_ENABLE_OBJC_ARC = YES;
				CLANG_ENABLE_OBJC_WEAK = YES;
				CLANG_WARN_BLOCK_CAPTURE_AUTORELEASING = YES;
				CLANG_WARN_BOOL_CONVERSION = YES;
				CLANG_WARN_COMMA = YES;
				CLANG_WARN_CONSTANT_CONVERSION = YES;
				CLANG_WARN_DEPRECATED_OBJC_IMPLEMENTATIONS = YES;
				CLANG_WARN_DIRECT_OBJC_ISA_USAGE = YES_ERROR;
				CLANG_WARN_DOCUMENTATION_COMMENTS = YES;
				CLANG_WARN_EMPTY_BODY = YES;
				CLANG_WARN_ENUM_CONVERSION = YES;
				CLANG_WARN_INFINITE_RECURSION = YES;
				CLANG_WARN_INT_CONVERSION = YES;
				CLANG_WARN_NON_LITERAL_NULL_CONVERSION = YES;
				CLANG_WARN_OBJC_IMPLICIT_RETAIN_SELF = YES;
				CLANG_WARN_OBJC_LITERAL_CONVERSION = YES;
				CLANG_WARN_OBJC_ROOT_CLASS = YES_ERROR;
				CLANG_WARN_QUOTED_INCLUDE_IN_FRAMEWORK_HEADER = YES;
				CLANG_WARN_RANGE_LOOP_ANALYSIS = YES;
				CLANG_WARN_STRICT_PROTOTYPES = YES;
				CLANG_WARN_SUSPICIOUS_MOVE = YES;
				CLANG_WARN_UNGUARDED_AVAILABILITY = YES_AGGRESSIVE;
				CLANG_WARN_UNREACHABLE_CODE = YES;
				CLANG_WARN__DUPLICATE_METHOD_MATCH = YES;
				COPY_PHASE_STRIP = NO;
				DEBUG_INFORMATION_FORMAT = dwarf;
				ENABLE_STRICT_OBJC_MSGSEND = YES;
				ENABLE_TESTABILITY = YES;
				GCC_C_LANGUAGE_STANDARD = gnu11;
				GCC_DYNAMIC_NO_PIC = NO;
				GCC_NO_COMMON_BLOCKS = YES;
				GCC_OPTIMIZATION_LEVEL = 0;
				GCC_PREPROCESSOR_DEFINITIONS = (
					"DEBUG=1",
					"$(inherited)",
				);
				GCC_WARN_64_TO_32_BIT_CONVERSION = YES;
				GCC_WARN_ABOUT_RETURN_TYPE = YES_ERROR;
				GCC_WARN_UNDECLARED_SELECTOR = YES;
				GCC_WARN_UNINITIALIZED_AUTOS = YES_AGGRESSIVE;
				GCC_WARN_UNUSED_FUNCTION = YES;
				GCC_WARN_UNUSED_VARIABLE = YES;
				IPHONEOS_DEPLOYMENT_TARGET = 13.0;
				MTL_ENABLE_DEBUG_INFO = INCLUDE_SOURCE;
				MTL_FAST_MATH = YES;
				ONLY_ACTIVE_ARCH = YES;
				SDKROOT = iphoneos;
				SWIFT_ACTIVE_COMPILATION_CONDITIONS = DEBUG;
				SWIFT_OPTIMIZATION_LEVEL = "-Onone";
			};
			name = Debug;
		};
		74D2BE9C259AEFAD00BF44CC /* Release */ = {
			isa = XCBuildConfiguration;
			buildSettings = {
				ALWAYS_SEARCH_USER_PATHS = NO;
				CLANG_ANALYZER_NONNULL = YES;
				CLANG_ANALYZER_NUMBER_OBJECT_CONVERSION = YES_AGGRESSIVE;
				CLANG_CXX_LANGUAGE_STANDARD = "gnu++14";
				CLANG_CXX_LIBRARY = "libc++";
				CLANG_ENABLE_MODULES = YES;
				CLANG_ENABLE_OBJC_ARC = YES;
				CLANG_ENABLE_OBJC_WEAK = YES;
				CLANG_WARN_BLOCK_CAPTURE_AUTORELEASING = YES;
				CLANG_WARN_BOOL_CONVERSION = YES;
				CLANG_WARN_COMMA = YES;
				CLANG_WARN_CONSTANT_CONVERSION = YES;
				CLANG_WARN_DEPRECATED_OBJC_IMPLEMENTATIONS = YES;
				CLANG_WARN_DIRECT_OBJC_ISA_USAGE = YES_ERROR;
				CLANG_WARN_DOCUMENTATION_COMMENTS = YES;
				CLANG_WARN_EMPTY_BODY = YES;
				CLANG_WARN_ENUM_CONVERSION = YES;
				CLANG_WARN_INFINITE_RECURSION = YES;
				CLANG_WARN_INT_CONVERSION = YES;
				CLANG_WARN_NON_LITERAL_NULL_CONVERSION = YES;
				CLANG_WARN_OBJC_IMPLICIT_RETAIN_SELF = YES;
				CLANG_WARN_OBJC_LITERAL_CONVERSION = YES;
				CLANG_WARN_OBJC_ROOT_CLASS = YES_ERROR;
				CLANG_WARN_QUOTED_INCLUDE_IN_FRAMEWORK_HEADER = YES;
				CLANG_WARN_RANGE_LOOP_ANALYSIS = YES;
				CLANG_WARN_STRICT_PROTOTYPES = YES;
				CLANG_WARN_SUSPICIOUS_MOVE = YES;
				CLANG_WARN_UNGUARDED_AVAILABILITY = YES_AGGRESSIVE;
				CLANG_WARN_UNREACHABLE_CODE = YES;
				CLANG_WARN__DUPLICATE_METHOD_MATCH = YES;
				COPY_PHASE_STRIP = NO;
				DEBUG_INFORMATION_FORMAT = "dwarf-with-dsym";
				ENABLE_NS_ASSERTIONS = NO;
				ENABLE_STRICT_OBJC_MSGSEND = YES;
				GCC_C_LANGUAGE_STANDARD = gnu11;
				GCC_NO_COMMON_BLOCKS = YES;
				GCC_WARN_64_TO_32_BIT_CONVERSION = YES;
				GCC_WARN_ABOUT_RETURN_TYPE = YES_ERROR;
				GCC_WARN_UNDECLARED_SELECTOR = YES;
				GCC_WARN_UNINITIALIZED_AUTOS = YES_AGGRESSIVE;
				GCC_WARN_UNUSED_FUNCTION = YES;
				GCC_WARN_UNUSED_VARIABLE = YES;
				IPHONEOS_DEPLOYMENT_TARGET = 13.0;
				MTL_ENABLE_DEBUG_INFO = NO;
				MTL_FAST_MATH = YES;
				SDKROOT = iphoneos;
				SWIFT_COMPILATION_MODE = wholemodule;
				SWIFT_OPTIMIZATION_LEVEL = "-O";
				VALIDATE_PRODUCT = YES;
			};
			name = Release;
		};
		74D2BE9E259AEFAD00BF44CC /* Debug */ = {
			isa = XCBuildConfiguration;
			buildSettings = {
				ASSETCATALOG_COMPILER_APPICON_NAME = AppIcon;
				ASSETCATALOG_COMPILER_GLOBAL_ACCENT_COLOR_NAME = AccentColor;
				CODE_SIGN_STYLE = Automatic;
				DEVELOPMENT_TEAM = AL9L4NE9HL;
				INFOPLIST_FILE = CollectionViewTest/Info.plist;
				LD_RUNPATH_SEARCH_PATHS = (
					"$(inherited)",
					"@executable_path/Frameworks",
				);
				PRODUCT_BUNDLE_IDENTIFIER = com.jinsu.CollectionViewTest;
				PRODUCT_NAME = "$(TARGET_NAME)";
				SWIFT_VERSION = 5.0;
				TARGETED_DEVICE_FAMILY = "1,2";
			};
			name = Debug;
		};
		74D2BE9F259AEFAD00BF44CC /* Release */ = {
			isa = XCBuildConfiguration;
			buildSettings = {
				ASSETCATALOG_COMPILER_APPICON_NAME = AppIcon;
				ASSETCATALOG_COMPILER_GLOBAL_ACCENT_COLOR_NAME = AccentColor;
				CODE_SIGN_STYLE = Automatic;
				DEVELOPMENT_TEAM = AL9L4NE9HL;
				INFOPLIST_FILE = CollectionViewTest/Info.plist;
				LD_RUNPATH_SEARCH_PATHS = (
					"$(inherited)",
					"@executable_path/Frameworks",
				);
				PRODUCT_BUNDLE_IDENTIFIER = com.jinsu.CollectionViewTest;
				PRODUCT_NAME = "$(TARGET_NAME)";
				SWIFT_VERSION = 5.0;
				TARGETED_DEVICE_FAMILY = "1,2";
			};
			name = Release;
		};
/* End XCBuildConfiguration section */

/* Begin XCConfigurationList section */
		74D2BE84259AEFAC00BF44CC /* Build configuration list for PBXProject "CollectionViewTest" */ = {
			isa = XCConfigurationList;
			buildConfigurations = (
				74D2BE9B259AEFAD00BF44CC /* Debug */,
				74D2BE9C259AEFAD00BF44CC /* Release */,
			);
			defaultConfigurationIsVisible = 0;
			defaultConfigurationName = Release;
		};
		74D2BE9D259AEFAD00BF44CC /* Build configuration list for PBXNativeTarget "CollectionViewTest" */ = {
			isa = XCConfigurationList;
			buildConfigurations = (
				74D2BE9E259AEFAD00BF44CC /* Debug */,
				74D2BE9F259AEFAD00BF44CC /* Release */,
			);
			defaultConfigurationIsVisible = 0;
			defaultConfigurationName = Release;
		};
/* End XCConfigurationList section */
	};
	rootObject = 74D2BE81259AEFAC00BF44CC /* Project object */;
}
